
Microsoft Visual Studio Solution File, Format Version 12.00
# Visual Studio Version 17
VisualStudioVersion = 17.7.34024.191
MinimumVisualStudioVersion = 10.0.40219.1
Project("{8BC9CEB8-8B4A-11D0-8D11-00A0C91BC942}") = "cpp_9_14", "cpp_9_14\cpp_9_14.vcxproj", "{7A98A6E0-D047-4BBF-B727-45821E2005DF}"
EndProject
Global
	GlobalSection(SolutionConfigurationPlatforms) = preSolution
		Debug|x64 = Debug|x64
		Debug|x86 = Debug|x86
		Release|x64 = Release|x64
		Release|x86 = Release|x86
	EndGlobalSection
	GlobalSection(ProjectConfigurationPlatforms) = postSolution
		{7A98A6E0-D047-4BBF-B727-45821E2005DF}.Debug|x64.ActiveCfg = Debug|x64
		{7A98A6E0-D047-4BBF-B727-45821E2005DF}.Debug|x64.Build.0 = Debug|x64
		{7A98A6E0-D047-4BBF-B727-45821E2005DF}.Debug|x86.ActiveCfg = Debug|Win32
		{7A98A6E0-D047-4BBF-B727-45821E2005DF}.Debug|x86.Build.0 = Debug|Win32
		{7A98A6E0-D047-4BBF-B727-45821E2005DF}.Release|x64.ActiveCfg = Release|x64
		{7A98A6E0-D047-4BBF-B727-45821E2005DF}.Release|x64.Build.0 = Release|x64
		{7A98A6E0-D047-4BBF-B727-45821E2005DF}.Release|x86.ActiveCfg = Release|Win32
		{7A98A6E0-D047-4BBF-B727-45821E2005DF}.Release|x86.Build.0 = Release|Win32
	EndGlobalSection
	GlobalSection(SolutionProperties) = preSolution
		HideSolutionNode = FALSE
	EndGlobalSection
	GlobalSection(ExtensibilityGlobals) = postSolution
		SolutionGuid = {00D89458-E040-41DC-9C1A-676F495F64C1}
	EndGlobalSection
EndGlobal
